
Microsoft Visual Studio Solution File, Format Version 12.00
# Visual Studio 2012
Project("{FAE04EC0-301F-11D3-BF4B-00C04F79EFBC}") = "omc", "omc\omc.csproj", "{9F8CAE7F-8856-49D4-AFE3-A58048551B86}"
EndProject
Project("{FAE04EC0-301F-11D3-BF4B-00C04F79EFBC}") = "nms_usercontrol_libs", "nms_usercontrol_libs\nms_usercontrol_libs.csproj", "{84D78686-0309-4D2C-A36C-6383FEAACF4C}"
EndProject
Project("{FAE04EC0-301F-11D3-BF4B-00C04F79EFBC}") = "nms_customcontrol_libs", "nms_customcontrol_libs\nms_customcontrol_libs.csproj", "{E1A163F5-B13E-4995-8B48-CD40050517FF}"
EndProject
Project("{FAE04EC0-301F-11D3-BF4B-00C04F79EFBC}") = "nms_comm_lib", "nms_comm_lib\nms_comm_lib.csproj", "{CE255788-3CC8-4DCC-BB1E-12B7FCCD1742}"
EndProject
Project("{FAE04EC0-301F-11D3-BF4B-00C04F79EFBC}") = "nms_cmcc_lib", "nms_cmcc_lib\nms_cmcc_lib.csproj", "{5A0873E2-0032-40B6-9630-76F6F3019C07}"
EndProject
Project("{FAE04EC0-301F-11D3-BF4B-00C04F79EFBC}") = "nms_database_lib", "nms_database_lib\nms_database_lib.csproj", "{75C1AE98-67DB-416D-BCC8-B682D9D1B8E6}"
EndProject
Project("{FAE04EC0-301F-11D3-BF4B-00C04F79EFBC}") = "nms_datatype_lib", "nms_datatype_lib\nms_datatype_lib.csproj", "{27E78A2A-B782-4729-B1E0-16AC688045B0}"
EndProject
Project("{FAE04EC0-301F-11D3-BF4B-00C04F79EFBC}") = "nms_excel_lib", "nms_excel_lib\nms_excel_lib.csproj", "{31A1CB2D-DAC7-4E30-A54D-DE7172C6166D}"
EndProject
Project("{FAE04EC0-301F-11D3-BF4B-00C04F79EFBC}") = "nms_utility_lib", "nms_utility_lib\nms_utility_lib.csproj", "{1671B169-BE4C-4E94-A852-3FD38FFF337B}"
EndProject
Global
	GlobalSection(SolutionConfigurationPlatforms) = preSolution
		Debug|Any CPU = Debug|Any CPU
		Release|Any CPU = Release|Any CPU
	EndGlobalSection
	GlobalSection(ProjectConfigurationPlatforms) = postSolution
		{9F8CAE7F-8856-49D4-AFE3-A58048551B86}.Debug|Any CPU.ActiveCfg = Debug|Any CPU
		{9F8CAE7F-8856-49D4-AFE3-A58048551B86}.Debug|Any CPU.Build.0 = Debug|Any CPU
		{9F8CAE7F-8856-49D4-AFE3-A58048551B86}.Release|Any CPU.ActiveCfg = Release|Any CPU
		{9F8CAE7F-8856-49D4-AFE3-A58048551B86}.Release|Any CPU.Build.0 = Release|Any CPU
		{84D78686-0309-4D2C-A36C-6383FEAACF4C}.Debug|Any CPU.ActiveCfg = Debug|Any CPU
		{84D78686-0309-4D2C-A36C-6383FEAACF4C}.Debug|Any CPU.Build.0 = Debug|Any CPU
		{84D78686-0309-4D2C-A36C-6383FEAACF4C}.Release|Any CPU.ActiveCfg = Release|Any CPU
		{84D78686-0309-4D2C-A36C-6383FEAACF4C}.Release|Any CPU.Build.0 = Release|Any CPU
		{E1A163F5-B13E-4995-8B48-CD40050517FF}.Debug|Any CPU.ActiveCfg = Debug|Any CPU
		{E1A163F5-B13E-4995-8B48-CD40050517FF}.Debug|Any CPU.Build.0 = Debug|Any CPU
		{E1A163F5-B13E-4995-8B48-CD40050517FF}.Release|Any CPU.ActiveCfg = Release|Any CPU
		{E1A163F5-B13E-4995-8B48-CD40050517FF}.Release|Any CPU.Build.0 = Release|Any CPU
		{CE255788-3CC8-4DCC-BB1E-12B7FCCD1742}.Debug|Any CPU.ActiveCfg = Debug|Any CPU
		{CE255788-3CC8-4DCC-BB1E-12B7FCCD1742}.Debug|Any CPU.Build.0 = Debug|Any CPU
		{CE255788-3CC8-4DCC-BB1E-12B7FCCD1742}.Release|Any CPU.ActiveCfg = Release|Any CPU
		{CE255788-3CC8-4DCC-BB1E-12B7FCCD1742}.Release|Any CPU.Build.0 = Release|Any CPU
		{5A0873E2-0032-40B6-9630-76F6F3019C07}.Debug|Any CPU.ActiveCfg = Debug|Any CPU
		{5A0873E2-0032-40B6-9630-76F6F3019C07}.Debug|Any CPU.Build.0 = Debug|Any CPU
		{5A0873E2-0032-40B6-9630-76F6F3019C07}.Release|Any CPU.ActiveCfg = Release|Any CPU
		{5A0873E2-0032-40B6-9630-76F6F3019C07}.Release|Any CPU.Build.0 = Release|Any CPU
		{75C1AE98-67DB-416D-BCC8-B682D9D1B8E6}.Debug|Any CPU.ActiveCfg = Debug|Any CPU
		{75C1AE98-67DB-416D-BCC8-B682D9D1B8E6}.Debug|Any CPU.Build.0 = Debug|Any CPU
		{75C1AE98-67DB-416D-BCC8-B682D9D1B8E6}.Release|Any CPU.ActiveCfg = Release|Any CPU
		{75C1AE98-67DB-416D-BCC8-B682D9D1B8E6}.Release|Any CPU.Build.0 = Release|Any CPU
		{27E78A2A-B782-4729-B1E0-16AC688045B0}.Debug|Any CPU.ActiveCfg = Debug|Any CPU
		{27E78A2A-B782-4729-B1E0-16AC688045B0}.Debug|Any CPU.Build.0 = Debug|Any CPU
		{27E78A2A-B782-4729-B1E0-16AC688045B0}.Release|Any CPU.ActiveCfg = Release|Any CPU
		{27E78A2A-B782-4729-B1E0-16AC688045B0}.Release|Any CPU.Build.0 = Release|Any CPU
		{31A1CB2D-DAC7-4E30-A54D-DE7172C6166D}.Debug|Any CPU.ActiveCfg = Debug|Any CPU
		{31A1CB2D-DAC7-4E30-A54D-DE7172C6166D}.Debug|Any CPU.Build.0 = Debug|Any CPU
		{31A1CB2D-DAC7-4E30-A54D-DE7172C6166D}.Release|Any CPU.ActiveCfg = Release|Any CPU
		{31A1CB2D-DAC7-4E30-A54D-DE7172C6166D}.Release|Any CPU.Build.0 = Release|Any CPU
		{1671B169-BE4C-4E94-A852-3FD38FFF337B}.Debug|Any CPU.ActiveCfg = Debug|Any CPU
		{1671B169-BE4C-4E94-A852-3FD38FFF337B}.Debug|Any CPU.Build.0 = Debug|Any CPU
		{1671B169-BE4C-4E94-A852-3FD38FFF337B}.Release|Any CPU.ActiveCfg = Release|Any CPU
		{1671B169-BE4C-4E94-A852-3FD38FFF337B}.Release|Any CPU.Build.0 = Release|Any CPU
	EndGlobalSection
	GlobalSection(SolutionProperties) = preSolution
		HideSolutionNode = FALSE
	EndGlobalSection
EndGlobal
